// !$*UTF8*$!
{
	archiveVersion = 1;
	classes = {
	};
	objectVersion = 55;
	objects = {

/* Begin PBXBuildFile section */
		5EE184E32918CEC3009E0524 /* AppDelegate.swift in Sources */ = {isa = PBXBuildFile; fileRef = 5EE184E22918CEC3009E0524 /* AppDelegate.swift */; };
		5EE184E52918CEC3009E0524 /* SceneDelegate.swift in Sources */ = {isa = PBXBuildFile; fileRef = 5EE184E42918CEC3009E0524 /* SceneDelegate.swift */; };
		5EE184E72918CEC3009E0524 /* FirstViewController.swift in Sources */ = {isa = PBXBuildFile; fileRef = 5EE184E62918CEC3009E0524 /* FirstViewController.swift */; };
		5EE184EA2918CEC3009E0524 /* Main.storyboard in Resources */ = {isa = PBXBuildFile; fileRef = 5EE184E82918CEC3009E0524 /* Main.storyboard */; };
		5EE184ED2918CEC3009E0524 /* ViewTransition.xcdatamodeld in Sources */ = {isa = PBXBuildFile; fileRef = 5EE184EB2918CEC3009E0524 /* ViewTransition.xcdatamodeld */; };
		5EE184EF2918CEC4009E0524 /* Assets.xcassets in Resources */ = {isa = PBXBuildFile; fileRef = 5EE184EE2918CEC4009E0524 /* Assets.xcassets */; };
		5EE184F22918CEC4009E0524 /* LaunchScreen.storyboard in Resources */ = {isa = PBXBuildFile; fileRef = 5EE184F02918CEC4009E0524 /* LaunchScreen.storyboard */; };
		5EE184FA2918D1AC009E0524 /* SecondViewController.swift in Sources */ = {isa = PBXBuildFile; fileRef = 5EE184F92918D1AC009E0524 /* SecondViewController.swift */; };
		5EE18523291A35E0009E0524 /* ViewController1.swift in Sources */ = {isa = PBXBuildFile; fileRef = 5EE18522291A35E0009E0524 /* ViewController1.swift */; };
		5EE18525291A35E7009E0524 /* ViewController2.swift in Sources */ = {isa = PBXBuildFile; fileRef = 5EE18524291A35E7009E0524 /* ViewController2.swift */; };
		5EE18527291A3A59009E0524 /* UserInformation.swift in Sources */ = {isa = PBXBuildFile; fileRef = 5EE18526291A3A59009E0524 /* UserInformation.swift */; };
/* End PBXBuildFile section */

/* Begin PBXFileReference section */
		5EE184DF2918CEC3009E0524 /* ViewTransition.app */ = {isa = PBXFileReference; explicitFileType = wrapper.application; includeInIndex = 0; path = ViewTransition.app; sourceTree = BUILT_PRODUCTS_DIR; };
		5EE184E22918CEC3009E0524 /* AppDelegate.swift */ = {isa = PBXFileReference; lastKnownFileType = sourcecode.swift; path = AppDelegate.swift; sourceTree = "<group>"; };
		5EE184E42918CEC3009E0524 /* SceneDelegate.swift */ = {isa = PBXFileReference; lastKnownFileType = sourcecode.swift; path = SceneDelegate.swift; sourceTree = "<group>"; };
		5EE184E62918CEC3009E0524 /* FirstViewController.swift */ = {isa = PBXFileReference; lastKnownFileType = sourcecode.swift; path = FirstViewController.swift; sourceTree = "<group>"; };
		5EE184E92918CEC3009E0524 /* Base */ = {isa = PBXFileReference; lastKnownFileType = file.storyboard; name = Base; path = Base.lproj/Main.storyboard; sourceTree = "<group>"; };
		5EE184EC2918CEC3009E0524 /* ViewTransition.xcdatamodel */ = {isa = PBXFileReference; lastKnownFileType = wrapper.xcdatamodel; path = ViewTransition.xcdatamodel; sourceTree = "<group>"; };
		5EE184EE2918CEC4009E0524 /* Assets.xcassets */ = {isa = PBXFileReference; lastKnownFileType = folder.assetcatalog; path = Assets.xcassets; sourceTree = "<group>"; };
		5EE184F12918CEC4009E0524 /* Base */ = {isa = PBXFileReference; lastKnownFileType = file.storyboard; name = Base; path = Base.lproj/LaunchScreen.storyboard; sourceTree = "<group>"; };
		5EE184F32918CEC4009E0524 /* Info.plist */ = {isa = PBXFileReference; lastKnownFileType = text.plist.xml; path = Info.plist; sourceTree = "<group>"; };
		5EE184F92918D1AC009E0524 /* SecondViewController.swift */ = {isa = PBXFileReference; lastKnownFileType = sourcecode.swift; path = SecondViewController.swift; sourceTree = "<group>"; };
		5EE18522291A35E0009E0524 /* ViewController1.swift */ = {isa = PBXFileReference; lastKnownFileType = sourcecode.swift; path = ViewController1.swift; sourceTree = "<group>"; };
		5EE18524291A35E7009E0524 /* ViewController2.swift */ = {isa = PBXFileReference; lastKnownFileType = sourcecode.swift; path = ViewController2.swift; sourceTree = "<group>"; };
		5EE18526291A3A59009E0524 /* UserInformation.swift */ = {isa = PBXFileReference; lastKnownFileType = sourcecode.swift; path = UserInformation.swift; sourceTree = "<group>"; };
/* End PBXFileReference section */

/* Begin PBXFrameworksBuildPhase section */
		5EE184DC2918CEC3009E0524 /* Frameworks */ = {
			isa = PBXFrameworksBuildPhase;
			buildActionMask = 2147483647;
			files = (
			);
			runOnlyForDeploymentPostprocessing = 0;
		};
/* End PBXFrameworksBuildPhase section */

/* Begin PBXGroup section */
		5EE184D62918CEC3009E0524 = {
			isa = PBXGroup;
			children = (
				5EE184E12918CEC3009E0524 /* ViewTransition */,
				5EE184E02918CEC3009E0524 /* Products */,
			);
			sourceTree = "<group>";
		};
		5EE184E02918CEC3009E0524 /* Products */ = {
			isa = PBXGroup;
			children = (
				5EE184DF2918CEC3009E0524 /* ViewTransition.app */,
			);
			name = Products;
			sourceTree = "<group>";
		};
		5EE184E12918CEC3009E0524 /* ViewTransition */ = {
			isa = PBXGroup;
			children = (
				5EE184E22918CEC3009E0524 /* AppDelegate.swift */,
				5EE184E42918CEC3009E0524 /* SceneDelegate.swift */,
				5EE18526291A3A59009E0524 /* UserInformation.swift */,
				5EE18528291A3CCD009E0524 /* WithCode */,
				5EE18529291A3CD8009E0524 /* WithStoryboard */,
				5EE184E82918CEC3009E0524 /* Main.storyboard */,
				5EE184EE2918CEC4009E0524 /* Assets.xcassets */,
				5EE184F02918CEC4009E0524 /* LaunchScreen.storyboard */,
				5EE184F32918CEC4009E0524 /* Info.plist */,
				5EE184EB2918CEC3009E0524 /* ViewTransition.xcdatamodeld */,
			);
			path = ViewTransition;
			sourceTree = "<group>";
		};
		5EE18528291A3CCD009E0524 /* WithCode */ = {
			isa = PBXGroup;
			children = (
				5EE184E62918CEC3009E0524 /* FirstViewController.swift */,
				5EE184F92918D1AC009E0524 /* SecondViewController.swift */,
			);
			path = WithCode;
			sourceTree = "<group>";
		};
		5EE18529291A3CD8009E0524 /* WithStoryboard */ = {
			isa = PBXGroup;
			children = (
				5EE18522291A35E0009E0524 /* ViewController1.swift */,
				5EE18524291A35E7009E0524 /* ViewController2.swift */,
			);
			path = WithStoryboard;
			sourceTree = "<group>";
		};
/* End PBXGroup section */

/* Begin PBXNativeTarget section */
		5EE184DE2918CEC3009E0524 /* ViewTransition */ = {
			isa = PBXNativeTarget;
			buildConfigurationList = 5EE184F62918CEC4009E0524 /* Build configuration list for PBXNativeTarget "ViewTransition" */;
			buildPhases = (
				5EE184DB2918CEC3009E0524 /* Sources */,
				5EE184DC2918CEC3009E0524 /* Frameworks */,
				5EE184DD2918CEC3009E0524 /* Resources */,
			);
			buildRules = (
			);
			dependencies = (
			);
			name = ViewTransition;
			productName = ViewTransition;
			productReference = 5EE184DF2918CEC3009E0524 /* ViewTransition.app */;
			productType = "com.apple.product-type.application";
		};
/* End PBXNativeTarget section */

/* Begin PBXProject section */
		5EE184D72918CEC3009E0524 /* Project object */ = {
			isa = PBXProject;
			attributes = {
				BuildIndependentTargetsInParallel = 1;
				LastSwiftUpdateCheck = 1340;
				LastUpgradeCheck = 1340;
				TargetAttributes = {
					5EE184DE2918CEC3009E0524 = {
						CreatedOnToolsVersion = 13.4.1;
					};
				};
			};
			buildConfigurationList = 5EE184DA2918CEC3009E0524 /* Build configuration list for PBXProject "ViewTransition" */;
			compatibilityVersion = "Xcode 13.0";
			developmentRegion = en;
			hasScannedForEncodings = 0;
			knownRegions = (
				en,
				Base,
			);
			mainGroup = 5EE184D62918CEC3009E0524;
			productRefGroup = 5EE184E02918CEC3009E0524 /* Products */;
			projectDirPath = "";
			projectRoot = "";
			targets = (
				5EE184DE2918CEC3009E0524 /* ViewTransition */,
			);
		};
/* End PBXProject section */

/* Begin PBXResourcesBuildPhase section */
		5EE184DD2918CEC3009E0524 /* Resources */ = {
			isa = PBXResourcesBuildPhase;
			buildActionMask = 2147483647;
			files = (
				5EE184F22918CEC4009E0524 /* LaunchScreen.storyboard in Resources */,
				5EE184EF2918CEC4009E0524 /* Assets.xcassets in Resources */,
				5EE184EA2918CEC3009E0524 /* Main.storyboard in Resources */,
			);
			runOnlyForDeploymentPostprocessing = 0;
		};
/* End PBXResourcesBuildPhase section */

/* Begin PBXSourcesBuildPhase section */
		5EE184DB2918CEC3009E0524 /* Sources */ = {
			isa = PBXSourcesBuildPhase;
			buildActionMask = 2147483647;
			files = (
				5EE18525291A35E7009E0524 /* ViewController2.swift in Sources */,
				5EE18523291A35E0009E0524 /* ViewController1.swift in Sources */,
				5EE18527291A3A59009E0524 /* UserInformation.swift in Sources */,
				5EE184E72918CEC3009E0524 /* FirstViewController.swift in Sources */,
				5EE184ED2918CEC3009E0524 /* ViewTransition.xcdatamodeld in Sources */,
				5EE184E32918CEC3009E0524 /* AppDelegate.swift in Sources */,
				5EE184FA2918D1AC009E0524 /* SecondViewController.swift in Sources */,
				5EE184E52918CEC3009E0524 /* SceneDelegate.swift in Sources */,
			);
			runOnlyForDeploymentPostprocessing = 0;
		};
/* End PBXSourcesBuildPhase section */

/* Begin PBXVariantGroup section */
		5EE184E82918CEC3009E0524 /* Main.storyboard */ = {
			isa = PBXVariantGroup;
			children = (
				5EE184E92918CEC3009E0524 /* Base */,
			);
			name = Main.storyboard;
			sourceTree = "<group>";
		};
		5EE184F02918CEC4009E0524 /* LaunchScreen.storyboard */ = {
			isa = PBXVariantGroup;
			children = (
				5EE184F12918CEC4009E0524 /* Base */,
			);
			name = LaunchScreen.storyboard;
			sourceTree = "<group>";
		};
/* End PBXVariantGroup section */

/* Begin XCBuildConfiguration section */
		5EE184F42918CEC4009E0524 /* Debug */ = {
			isa = XCBuildConfiguration;
			buildSettings = {
				ALWAYS_SEARCH_USER_PATHS = NO;
				CLANG_ANALYZER_NONNULL = YES;
				CLANG_ANALYZER_NUMBER_OBJECT_CONVERSION = YES_AGGRESSIVE;
				CLANG_CXX_LANGUAGE_STANDARD = "gnu++17";
				CLANG_ENABLE_MODULES = YES;
				CLANG_ENABLE_OBJC_ARC = YES;
				CLANG_ENABLE_OBJC_WEAK = YES;
				CLANG_WARN_BLOCK_CAPTURE_AUTORELEASING = YES;
				CLANG_WARN_BOOL_CONVERSION = YES;
				CLANG_WARN_COMMA = YES;
				CLANG_WARN_CONSTANT_CONVERSION = YES;
				CLANG_WARN_DEPRECATED_OBJC_IMPLEMENTATIONS = YES;
				CLANG_WARN_DIRECT_OBJC_ISA_USAGE = YES_ERROR;
				CLANG_WARN_DOCUMENTATION_COMMENTS = YES;
				CLANG_WARN_EMPTY_BODY = YES;
				CLANG_WARN_ENUM_CONVERSION = YES;
				CLANG_WARN_INFINITE_RECURSION = YES;
				CLANG_WARN_INT_CONVERSION = YES;
				CLANG_WARN_NON_LITERAL_NULL_CONVERSION = YES;
				CLANG_WARN_OBJC_IMPLICIT_RETAIN_SELF = YES;
				CLANG_WARN_OBJC_LITERAL_CONVERSION = YES;
				CLANG_WARN_OBJC_ROOT_CLASS = YES_ERROR;
				CLANG_WARN_QUOTED_INCLUDE_IN_FRAMEWORK_HEADER = YES;
				CLANG_WARN_RANGE_LOOP_ANALYSIS = YES;
				CLANG_WARN_STRICT_PROTOTYPES = YES;
				CLANG_WARN_SUSPICIOUS_MOVE = YES;
				CLANG_WARN_UNGUARDED_AVAILABILITY = YES_AGGRESSIVE;
				CLANG_WARN_UNREACHABLE_CODE = YES;
				CLANG_WARN__DUPLICATE_METHOD_MATCH = YES;
				COPY_PHASE_STRIP = NO;
				DEBUG_INFORMATION_FORMAT = dwarf;
				ENABLE_STRICT_OBJC_MSGSEND = YES;
				ENABLE_TESTABILITY = YES;
				GCC_C_LANGUAGE_STANDARD = gnu11;
				GCC_DYNAMIC_NO_PIC = NO;
				GCC_NO_COMMON_BLOCKS = YES;
				GCC_OPTIMIZATION_LEVEL = 0;
				GCC_PREPROCESSOR_DEFINITIONS = (
					"DEBUG=1",
					"$(inherited)",
				);
				GCC_WARN_64_TO_32_BIT_CONVERSION = YES;
				GCC_WARN_ABOUT_RETURN_TYPE = YES_ERROR;
				GCC_WARN_UNDECLARED_SELECTOR = YES;
				GCC_WARN_UNINITIALIZED_AUTOS = YES_AGGRESSIVE;
				GCC_WARN_UNUSED_FUNCTION = YES;
				GCC_WARN_UNUSED_VARIABLE = YES;
				IPHONEOS_DEPLOYMENT_TARGET = 15.5;
				MTL_ENABLE_DEBUG_INFO = INCLUDE_SOURCE;
				MTL_FAST_MATH = YES;
				ONLY_ACTIVE_ARCH = YES;
				SDKROOT = iphoneos;
				SWIFT_ACTIVE_COMPILATION_CONDITIONS = DEBUG;
				SWIFT_OPTIMIZATION_LEVEL = "-Onone";
			};
			name = Debug;
		};
		5EE184F52918CEC4009E0524 /* Release */ = {
			isa = XCBuildConfiguration;
			buildSettings = {
				ALWAYS_SEARCH_USER_PATHS = NO;
				CLANG_ANALYZER_NONNULL = YES;
				CLANG_ANALYZER_NUMBER_OBJECT_CONVERSION = YES_AGGRESSIVE;
				CLANG_CXX_LANGUAGE_STANDARD = "gnu++17";
				CLANG_ENABLE_MODULES = YES;
				CLANG_ENABLE_OBJC_ARC = YES;
				CLANG_ENABLE_OBJC_WEAK = YES;
				CLANG_WARN_BLOCK_CAPTURE_AUTORELEASING = YES;
				CLANG_WARN_BOOL_CONVERSION = YES;
				CLANG_WARN_COMMA = YES;
				CLANG_WARN_CONSTANT_CONVERSION = YES;
				CLANG_WARN_DEPRECATED_OBJC_IMPLEMENTATIONS = YES;
				CLANG_WARN_DIRECT_OBJC_ISA_USAGE = YES_ERROR;
				CLANG_WARN_DOCUMENTATION_COMMENTS = YES;
				CLANG_WARN_EMPTY_BODY = YES;
				CLANG_WARN_ENUM_CONVERSION = YES;
				CLANG_WARN_INFINITE_RECURSION = YES;
				CLANG_WARN_INT_CONVERSION = YES;
				CLANG_WARN_NON_LITERAL_NULL_CONVERSION = YES;
				CLANG_WARN_OBJC_IMPLICIT_RETAIN_SELF = YES;
				CLANG_WARN_OBJC_LITERAL_CONVERSION = YES;
				CLANG_WARN_OBJC_ROOT_CLASS = YES_ERROR;
				CLANG_WARN_QUOTED_INCLUDE_IN_FRAMEWORK_HEADER = YES;
				CLANG_WARN_RANGE_LOOP_ANALYSIS = YES;
				CLANG_WARN_STRICT_PROTOTYPES = YES;
				CLANG_WARN_SUSPICIOUS_MOVE = YES;
				CLANG_WARN_UNGUARDED_AVAILABILITY = YES_AGGRESSIVE;
				CLANG_WARN_UNREACHABLE_CODE = YES;
				CLANG_WARN__DUPLICATE_METHOD_MATCH = YES;
				COPY_PHASE_STRIP = NO;
				DEBUG_INFORMATION_FORMAT = "dwarf-with-dsym";
				ENABLE_NS_ASSERTIONS = NO;
				ENABLE_STRICT_OBJC_MSGSEND = YES;
				GCC_C_LANGUAGE_STANDARD = gnu11;
				GCC_NO_COMMON_BLOCKS = YES;
				GCC_WARN_64_TO_32_BIT_CONVERSION = YES;
				GCC_WARN_ABOUT_RETURN_TYPE = YES_ERROR;
				GCC_WARN_UNDECLARED_SELECTOR = YES;
				GCC_WARN_UNINITIALIZED_AUTOS = YES_AGGRESSIVE;
				GCC_WARN_UNUSED_FUNCTION = YES;
				GCC_WARN_UNUSED_VARIABLE = YES;
				IPHONEOS_DEPLOYMENT_TARGET = 15.5;
				MTL_ENABLE_DEBUG_INFO = NO;
				MTL_FAST_MATH = YES;
				SDKROOT = iphoneos;
				SWIFT_COMPILATION_MODE = wholemodule;
				SWIFT_OPTIMIZATION_LEVEL = "-O";
				VALIDATE_PRODUCT = YES;
			};
			name = Release;
		};
		5EE184F72918CEC4009E0524 /* Debug */ = {
			isa = XCBuildConfiguration;
			buildSettings = {
				ASSETCATALOG_COMPILER_APPICON_NAME = AppIcon;
				ASSETCATALOG_COMPILER_GLOBAL_ACCENT_COLOR_NAME = AccentColor;
				CODE_SIGN_STYLE = Automatic;
				CURRENT_PROJECT_VERSION = 1;
				DEVELOPMENT_TEAM = C5K6DF875Z;
				GENERATE_INFOPLIST_FILE = YES;
				INFOPLIST_FILE = ViewTransition/Info.plist;
				INFOPLIST_KEY_UIApplicationSupportsIndirectInputEvents = YES;
				INFOPLIST_KEY_UILaunchStoryboardName = LaunchScreen;
				INFOPLIST_KEY_UIMainStoryboardFile = Main;
				INFOPLIST_KEY_UISupportedInterfaceOrientations_iPad = "UIInterfaceOrientationPortrait UIInterfaceOrientationPortraitUpsideDown UIInterfaceOrientationLandscapeLeft UIInterfaceOrientationLandscapeRight";
				INFOPLIST_KEY_UISupportedInterfaceOrientations_iPhone = "UIInterfaceOrientationPortrait UIInterfaceOrientationLandscapeLeft UIInterfaceOrientationLandscapeRight";
				LD_RUNPATH_SEARCH_PATHS = (
					"$(inherited)",
					"@executable_path/Frameworks",
				);
				MARKETING_VERSION = 1.0;
				PRODUCT_BUNDLE_IDENTIFIER = unside.ViewTransition;
				PRODUCT_NAME = "$(TARGET_NAME)";
				SWIFT_EMIT_LOC_STRINGS = YES;
				SWIFT_VERSION = 5.0;
				TARGETED_DEVICE_FAMILY = "1,2";
			};
			name = Debug;
		};
		5EE184F82918CEC4009E0524 /* Release */ = {
			isa = XCBuildConfiguration;
			buildSettings = {
				ASSETCATALOG_COMPILER_APPICON_NAME = AppIcon;
				ASSETCATALOG_COMPILER_GLOBAL_ACCENT_COLOR_NAME = AccentColor;
				CODE_SIGN_STYLE = Automatic;
				CURRENT_PROJECT_VERSION = 1;
				DEVELOPMENT_TEAM = C5K6DF875Z;
				GENERATE_INFOPLIST_FILE = YES;
				INFOPLIST_FILE = ViewTransition/Info.plist;
				INFOPLIST_KEY_UIApplicationSupportsIndirectInputEvents = YES;
				INFOPLIST_KEY_UILaunchStoryboardName = LaunchScreen;
				INFOPLIST_KEY_UIMainStoryboardFile = Main;
				INFOPLIST_KEY_UISupportedInterfaceOrientations_iPad = "UIInterfaceOrientationPortrait UIInterfaceOrientationPortraitUpsideDown UIInterfaceOrientationLandscapeLeft UIInterfaceOrientationLandscapeRight";
				INFOPLIST_KEY_UISupportedInterfaceOrientations_iPhone = "UIInterfaceOrientationPortrait UIInterfaceOrientationLandscapeLeft UIInterfaceOrientationLandscapeRight";
				LD_RUNPATH_SEARCH_PATHS = (
					"$(inherited)",
					"@executable_path/Frameworks",
				);
				MARKETING_VERSION = 1.0;
				PRODUCT_BUNDLE_IDENTIFIER = unside.ViewTransition;
				PRODUCT_NAME = "$(TARGET_NAME)";
				SWIFT_EMIT_LOC_STRINGS = YES;
				SWIFT_VERSION = 5.0;
				TARGETED_DEVICE_FAMILY = "1,2";
			};
			name = Release;
		};
/* End XCBuildConfiguration section */

/* Begin XCConfigurationList section */
		5EE184DA2918CEC3009E0524 /* Build configuration list for PBXProject "ViewTransition" */ = {
			isa = XCConfigurationList;
			buildConfigurations = (
				5EE184F42918CEC4009E0524 /* Debug */,
				5EE184F52918CEC4009E0524 /* Release */,
			);
			defaultConfigurationIsVisible = 0;
			defaultConfigurationName = Release;
		};
		5EE184F62918CEC4009E0524 /* Build configuration list for PBXNativeTarget "ViewTransition" */ = {
			isa = XCConfigurationList;
			buildConfigurations = (
				5EE184F72918CEC4009E0524 /* Debug */,
				5EE184F82918CEC4009E0524 /* Release */,
			);
			defaultConfigurationIsVisible = 0;
			defaultConfigurationName = Release;
		};
/* End XCConfigurationList section */

/* Begin XCVersionGroup section */
		5EE184EB2918CEC3009E0524 /* ViewTransition.xcdatamodeld */ = {
			isa = XCVersionGroup;
			children = (
				5EE184EC2918CEC3009E0524 /* ViewTransition.xcdatamodel */,
			);
			currentVersion = 5EE184EC2918CEC3009E0524 /* ViewTransition.xcdatamodel */;
			path = ViewTransition.xcdatamodeld;
			sourceTree = "<group>";
			versionGroupType = wrapper.xcdatamodel;
		};
/* End XCVersionGroup section */
	};
	rootObject = 5EE184D72918CEC3009E0524 /* Project object */;
}
